
Microsoft Visual Studio Solution File, Format Version 12.00
# Visual Studio Version 16
VisualStudioVersion = 16.0.30104.148
MinimumVisualStudioVersion = 10.0.40219.1
Project("{9A19103F-16F7-4668-BE54-9A1E7A4F7556}") = "PasswordStrength", "PasswordStrength.csproj", "{E5C48435-08A4-4C04-AD47-45B3B7AC967E}"
EndProject
Project("{FAE04EC0-301F-11D3-BF4B-00C04F79EFBC}") = "PasswordStrength.Tests", "..\PasswordStrength.Tests\PasswordStrength.Tests.csproj", "{0671FC2A-0C65-4501-9F77-638585205FC5}"
EndProject
Global
	GlobalSection(SolutionConfigurationPlatforms) = preSolution
		Debug|Any CPU = Debug|Any CPU
		Release|Any CPU = Release|Any CPU
	EndGlobalSection
	GlobalSection(ProjectConfigurationPlatforms) = postSolution
		{E5C48435-08A4-4C04-AD47-45B3B7AC967E}.Debug|Any CPU.ActiveCfg = Debug|Any CPU
		{E5C48435-08A4-4C04-AD47-45B3B7AC967E}.Debug|Any CPU.Build.0 = Debug|Any CPU
		{E5C48435-08A4-4C04-AD47-45B3B7AC967E}.Release|Any CPU.ActiveCfg = Release|Any CPU
		{E5C48435-08A4-4C04-AD47-45B3B7AC967E}.Release|Any CPU.Build.0 = Release|Any CPU
		{0671FC2A-0C65-4501-9F77-638585205FC5}.Debug|Any CPU.ActiveCfg = Debug|Any CPU
		{0671FC2A-0C65-4501-9F77-638585205FC5}.Debug|Any CPU.Build.0 = Debug|Any CPU
		{0671FC2A-0C65-4501-9F77-638585205FC5}.Release|Any CPU.ActiveCfg = Release|Any CPU
		{0671FC2A-0C65-4501-9F77-638585205FC5}.Release|Any CPU.Build.0 = Release|Any CPU
	EndGlobalSection
	GlobalSection(SolutionProperties) = preSolution
		HideSolutionNode = FALSE
	EndGlobalSection
	GlobalSection(ExtensibilityGlobals) = postSolution
		SolutionGuid = {969D02BC-C95C-4908-95ED-92571629CCBF}
	EndGlobalSection
EndGlobal
