
Microsoft Visual Studio Solution File, Format Version 12.00
# Visual Studio Version 16
VisualStudioVersion = 16.0.29926.136
MinimumVisualStudioVersion = 10.0.40219.1
Project("{9A19103F-16F7-4668-BE54-9A1E7A4F7556}") = "CheckIdentifier", "CheckIdentifier.csproj", "{0E6CD4EE-90AA-4014-B13B-B794832BD544}"
EndProject
Project("{FAE04EC0-301F-11D3-BF4B-00C04F79EFBC}") = "CheckIdentifier.Tests", "..\CheckIdentifier.Tests\CheckIdentifier.Tests.csproj", "{8E853A9E-CBDC-4FD3-8B75-096EF82C5D42}"
EndProject
Global
	GlobalSection(SolutionConfigurationPlatforms) = preSolution
		Debug|Any CPU = Debug|Any CPU
		Release|Any CPU = Release|Any CPU
	EndGlobalSection
	GlobalSection(ProjectConfigurationPlatforms) = postSolution
		{0E6CD4EE-90AA-4014-B13B-B794832BD544}.Debug|Any CPU.ActiveCfg = Debug|Any CPU
		{0E6CD4EE-90AA-4014-B13B-B794832BD544}.Debug|Any CPU.Build.0 = Debug|Any CPU
		{0E6CD4EE-90AA-4014-B13B-B794832BD544}.Release|Any CPU.ActiveCfg = Release|Any CPU
		{0E6CD4EE-90AA-4014-B13B-B794832BD544}.Release|Any CPU.Build.0 = Release|Any CPU
		{8E853A9E-CBDC-4FD3-8B75-096EF82C5D42}.Debug|Any CPU.ActiveCfg = Debug|Any CPU
		{8E853A9E-CBDC-4FD3-8B75-096EF82C5D42}.Debug|Any CPU.Build.0 = Debug|Any CPU
		{8E853A9E-CBDC-4FD3-8B75-096EF82C5D42}.Release|Any CPU.ActiveCfg = Release|Any CPU
		{8E853A9E-CBDC-4FD3-8B75-096EF82C5D42}.Release|Any CPU.Build.0 = Release|Any CPU
	EndGlobalSection
	GlobalSection(SolutionProperties) = preSolution
		HideSolutionNode = FALSE
	EndGlobalSection
	GlobalSection(ExtensibilityGlobals) = postSolution
		SolutionGuid = {13935248-12B9-46D2-A345-7885A9158974}
	EndGlobalSection
EndGlobal
